
Microsoft Visual Studio Solution File, Format Version 12.00
# Visual Studio Version 17
VisualStudioVersion = 17.14.36127.28 d17.14
MinimumVisualStudioVersion = 10.0.40219.1
Project("{FAE04EC0-301F-11D3-BF4B-00C04F79EFBC}") = "Blog.APIs", "Blog.APIs\Blog.APIs.csproj", "{AD3788C5-8FD4-4E01-A024-843A6F06E4DA}"
EndProject
Project("{FAE04EC0-301F-11D3-BF4B-00C04F79EFBC}") = "Blog.Core", "Blog.Core\Blog.Core.csproj", "{5165C8D7-BC16-4616-B216-81643AC9AEB0}"
EndProject
Project("{FAE04EC0-301F-11D3-BF4B-00C04F79EFBC}") = "Blog.Infrastructure", "Blog.Infrastructure\Blog.Infrastructure.csproj", "{BB92AF48-3004-44CE-B3A3-C13411BEA5D8}"
EndProject
Global
	GlobalSection(SolutionConfigurationPlatforms) = preSolution
		Debug|Any CPU = Debug|Any CPU
		Release|Any CPU = Release|Any CPU
	EndGlobalSection
	GlobalSection(ProjectConfigurationPlatforms) = postSolution
		{AD3788C5-8FD4-4E01-A024-843A6F06E4DA}.Debug|Any CPU.ActiveCfg = Debug|Any CPU
		{AD3788C5-8FD4-4E01-A024-843A6F06E4DA}.Debug|Any CPU.Build.0 = Debug|Any CPU
		{AD3788C5-8FD4-4E01-A024-843A6F06E4DA}.Release|Any CPU.ActiveCfg = Release|Any CPU
		{AD3788C5-8FD4-4E01-A024-843A6F06E4DA}.Release|Any CPU.Build.0 = Release|Any CPU
		{5165C8D7-BC16-4616-B216-81643AC9AEB0}.Debug|Any CPU.ActiveCfg = Debug|Any CPU
		{5165C8D7-BC16-4616-B216-81643AC9AEB0}.Debug|Any CPU.Build.0 = Debug|Any CPU
		{5165C8D7-BC16-4616-B216-81643AC9AEB0}.Release|Any CPU.ActiveCfg = Release|Any CPU
		{5165C8D7-BC16-4616-B216-81643AC9AEB0}.Release|Any CPU.Build.0 = Release|Any CPU
		{BB92AF48-3004-44CE-B3A3-C13411BEA5D8}.Debug|Any CPU.ActiveCfg = Debug|Any CPU
		{BB92AF48-3004-44CE-B3A3-C13411BEA5D8}.Debug|Any CPU.Build.0 = Debug|Any CPU
		{BB92AF48-3004-44CE-B3A3-C13411BEA5D8}.Release|Any CPU.ActiveCfg = Release|Any CPU
		{BB92AF48-3004-44CE-B3A3-C13411BEA5D8}.Release|Any CPU.Build.0 = Release|Any CPU
	EndGlobalSection
	GlobalSection(SolutionProperties) = preSolution
		HideSolutionNode = FALSE
	EndGlobalSection
	GlobalSection(ExtensibilityGlobals) = postSolution
		SolutionGuid = {BDB6DB7A-4117-47E0-AC62-81F849577D4A}
	EndGlobalSection
EndGlobal
